// !$*UTF8*$!
{
	archiveVersion = 1;
	classes = {
	};
	objectVersion = 46;
	objects = {

/* Begin PBXBuildFile section */
		85A54E51212DC5D0003E65B9 /* AppDelegate.swift in Sources */ = {isa = PBXBuildFile; fileRef = 85A54E50212DC5D0003E65B9 /* AppDelegate.swift */; };
		85A54E53212DC5D0003E65B9 /* ViewController.swift in Sources */ = {isa = PBXBuildFile; fileRef = 85A54E52212DC5D0003E65B9 /* ViewController.swift */; };
		85A54E56212DC5D0003E65B9 /* Main.storyboard in Resources */ = {isa = PBXBuildFile; fileRef = 85A54E54212DC5D0003E65B9 /* Main.storyboard */; };
		85A54E58212DC5D0003E65B9 /* Assets.xcassets in Resources */ = {isa = PBXBuildFile; fileRef = 85A54E57212DC5D0003E65B9 /* Assets.xcassets */; };
		85A54E5B212DC5D0003E65B9 /* LaunchScreen.storyboard in Resources */ = {isa = PBXBuildFile; fileRef = 85A54E59212DC5D0003E65B9 /* LaunchScreen.storyboard */; };
		85A54E66212DC5D1003E65B9 /* Navegacio_nTests.swift in Sources */ = {isa = PBXBuildFile; fileRef = 85A54E65212DC5D1003E65B9 /* Navegacio_nTests.swift */; };
		85A54E71212DC5D1003E65B9 /* Navegacio_nUITests.swift in Sources */ = {isa = PBXBuildFile; fileRef = 85A54E70212DC5D1003E65B9 /* Navegacio_nUITests.swift */; };
/* End PBXBuildFile section */

/* Begin PBXContainerItemProxy section */
		85A54E62212DC5D1003E65B9 /* PBXContainerItemProxy */ = {
			isa = PBXContainerItemProxy;
			containerPortal = 85A54E45212DC5D0003E65B9 /* Project object */;
			proxyType = 1;
			remoteGlobalIDString = 85A54E4C212DC5D0003E65B9;
			remoteInfo = "Navegación";
		};
		85A54E6D212DC5D1003E65B9 /* PBXContainerItemProxy */ = {
			isa = PBXContainerItemProxy;
			containerPortal = 85A54E45212DC5D0003E65B9 /* Project object */;
			proxyType = 1;
			remoteGlobalIDString = 85A54E4C212DC5D0003E65B9;
			remoteInfo = "Navegación";
		};
/* End PBXContainerItemProxy section */

/* Begin PBXFileReference section */
		85A54E4D212DC5D0003E65B9 /* Navegación.app */ = {isa = PBXFileReference; explicitFileType = wrapper.application; includeInIndex = 0; path = "Navegación.app"; sourceTree = BUILT_PRODUCTS_DIR; };
		85A54E50212DC5D0003E65B9 /* AppDelegate.swift */ = {isa = PBXFileReference; lastKnownFileType = sourcecode.swift; path = AppDelegate.swift; sourceTree = "<group>"; };
		85A54E52212DC5D0003E65B9 /* ViewController.swift */ = {isa = PBXFileReference; lastKnownFileType = sourcecode.swift; path = ViewController.swift; sourceTree = "<group>"; };
		85A54E55212DC5D0003E65B9 /* Base */ = {isa = PBXFileReference; lastKnownFileType = file.storyboard; name = Base; path = Base.lproj/Main.storyboard; sourceTree = "<group>"; };
		85A54E57212DC5D0003E65B9 /* Assets.xcassets */ = {isa = PBXFileReference; lastKnownFileType = folder.assetcatalog; path = Assets.xcassets; sourceTree = "<group>"; };
		85A54E5A212DC5D0003E65B9 /* Base */ = {isa = PBXFileReference; lastKnownFileType = file.storyboard; name = Base; path = Base.lproj/LaunchScreen.storyboard; sourceTree = "<group>"; };
		85A54E5C212DC5D0003E65B9 /* Info.plist */ = {isa = PBXFileReference; lastKnownFileType = text.plist.xml; path = Info.plist; sourceTree = "<group>"; };
		85A54E61212DC5D1003E65B9 /* NavegaciónTests.xctest */ = {isa = PBXFileReference; explicitFileType = wrapper.cfbundle; includeInIndex = 0; path = "NavegaciónTests.xctest"; sourceTree = BUILT_PRODUCTS_DIR; };
		85A54E65212DC5D1003E65B9 /* Navegacio_nTests.swift */ = {isa = PBXFileReference; lastKnownFileType = sourcecode.swift; path = Navegacio_nTests.swift; sourceTree = "<group>"; };
		85A54E67212DC5D1003E65B9 /* Info.plist */ = {isa = PBXFileReference; lastKnownFileType = text.plist.xml; path = Info.plist; sourceTree = "<group>"; };
		85A54E6C212DC5D1003E65B9 /* NavegaciónUITests.xctest */ = {isa = PBXFileReference; explicitFileType = wrapper.cfbundle; includeInIndex = 0; path = "NavegaciónUITests.xctest"; sourceTree = BUILT_PRODUCTS_DIR; };
		85A54E70212DC5D1003E65B9 /* Navegacio_nUITests.swift */ = {isa = PBXFileReference; lastKnownFileType = sourcecode.swift; path = Navegacio_nUITests.swift; sourceTree = "<group>"; };
		85A54E72212DC5D1003E65B9 /* Info.plist */ = {isa = PBXFileReference; lastKnownFileType = text.plist.xml; path = Info.plist; sourceTree = "<group>"; };
/* End PBXFileReference section */

/* Begin PBXFrameworksBuildPhase section */
		85A54E4A212DC5D0003E65B9 /* Frameworks */ = {
			isa = PBXFrameworksBuildPhase;
			buildActionMask = 2147483647;
			files = (
			);
			runOnlyForDeploymentPostprocessing = 0;
		};
		85A54E5E212DC5D1003E65B9 /* Frameworks */ = {
			isa = PBXFrameworksBuildPhase;
			buildActionMask = 2147483647;
			files = (
			);
			runOnlyForDeploymentPostprocessing = 0;
		};
		85A54E69212DC5D1003E65B9 /* Frameworks */ = {
			isa = PBXFrameworksBuildPhase;
			buildActionMask = 2147483647;
			files = (
			);
			runOnlyForDeploymentPostprocessing = 0;
		};
/* End PBXFrameworksBuildPhase section */

/* Begin PBXGroup section */
		85A54E44212DC5D0003E65B9 = {
			isa = PBXGroup;
			children = (
				85A54E4F212DC5D0003E65B9 /* Navegación */,
				85A54E64212DC5D1003E65B9 /* NavegaciónTests */,
				85A54E6F212DC5D1003E65B9 /* NavegaciónUITests */,
				85A54E4E212DC5D0003E65B9 /* Products */,
			);
			sourceTree = "<group>";
		};
		85A54E4E212DC5D0003E65B9 /* Products */ = {
			isa = PBXGroup;
			children = (
				85A54E4D212DC5D0003E65B9 /* Navegación.app */,
				85A54E61212DC5D1003E65B9 /* NavegaciónTests.xctest */,
				85A54E6C212DC5D1003E65B9 /* NavegaciónUITests.xctest */,
			);
			name = Products;
			sourceTree = "<group>";
		};
		85A54E4F212DC5D0003E65B9 /* Navegación */ = {
			isa = PBXGroup;
			children = (
				85A54E50212DC5D0003E65B9 /* AppDelegate.swift */,
				85A54E52212DC5D0003E65B9 /* ViewController.swift */,
				85A54E54212DC5D0003E65B9 /* Main.storyboard */,
				85A54E57212DC5D0003E65B9 /* Assets.xcassets */,
				85A54E59212DC5D0003E65B9 /* LaunchScreen.storyboard */,
				85A54E5C212DC5D0003E65B9 /* Info.plist */,
			);
			path = "Navegación";
			sourceTree = "<group>";
		};
		85A54E64212DC5D1003E65B9 /* NavegaciónTests */ = {
			isa = PBXGroup;
			children = (
				85A54E65212DC5D1003E65B9 /* Navegacio_nTests.swift */,
				85A54E67212DC5D1003E65B9 /* Info.plist */,
			);
			path = "NavegaciónTests";
			sourceTree = "<group>";
		};
		85A54E6F212DC5D1003E65B9 /* NavegaciónUITests */ = {
			isa = PBXGroup;
			children = (
				85A54E70212DC5D1003E65B9 /* Navegacio_nUITests.swift */,
				85A54E72212DC5D1003E65B9 /* Info.plist */,
			);
			path = "NavegaciónUITests";
			sourceTree = "<group>";
		};
/* End PBXGroup section */

/* Begin PBXNativeTarget section */
		85A54E4C212DC5D0003E65B9 /* Navegación */ = {
			isa = PBXNativeTarget;
			buildConfigurationList = 85A54E75212DC5D1003E65B9 /* Build configuration list for PBXNativeTarget "Navegación" */;
			buildPhases = (
				85A54E49212DC5D0003E65B9 /* Sources */,
				85A54E4A212DC5D0003E65B9 /* Frameworks */,
				85A54E4B212DC5D0003E65B9 /* Resources */,
			);
			buildRules = (
			);
			dependencies = (
			);
			name = "Navegación";
			productName = "Navegación";
			productReference = 85A54E4D212DC5D0003E65B9 /* Navegación.app */;
			productType = "com.apple.product-type.application";
		};
		85A54E60212DC5D1003E65B9 /* NavegaciónTests */ = {
			isa = PBXNativeTarget;
			buildConfigurationList = 85A54E78212DC5D1003E65B9 /* Build configuration list for PBXNativeTarget "NavegaciónTests" */;
			buildPhases = (
				85A54E5D212DC5D1003E65B9 /* Sources */,
				85A54E5E212DC5D1003E65B9 /* Frameworks */,
				85A54E5F212DC5D1003E65B9 /* Resources */,
			);
			buildRules = (
			);
			dependencies = (
				85A54E63212DC5D1003E65B9 /* PBXTargetDependency */,
			);
			name = "NavegaciónTests";
			productName = "NavegaciónTests";
			productReference = 85A54E61212DC5D1003E65B9 /* NavegaciónTests.xctest */;
			productType = "com.apple.product-type.bundle.unit-test";
		};
		85A54E6B212DC5D1003E65B9 /* NavegaciónUITests */ = {
			isa = PBXNativeTarget;
			buildConfigurationList = 85A54E7B212DC5D1003E65B9 /* Build configuration list for PBXNativeTarget "NavegaciónUITests" */;
			buildPhases = (
				85A54E68212DC5D1003E65B9 /* Sources */,
				85A54E69212DC5D1003E65B9 /* Frameworks */,
				85A54E6A212DC5D1003E65B9 /* Resources */,
			);
			buildRules = (
			);
			dependencies = (
				85A54E6E212DC5D1003E65B9 /* PBXTargetDependency */,
			);
			name = "NavegaciónUITests";
			productName = "NavegaciónUITests";
			productReference = 85A54E6C212DC5D1003E65B9 /* NavegaciónUITests.xctest */;
			productType = "com.apple.product-type.bundle.ui-testing";
		};
/* End PBXNativeTarget section */

/* Begin PBXProject section */
		85A54E45212DC5D0003E65B9 /* Project object */ = {
			isa = PBXProject;
			attributes = {
				LastSwiftUpdateCheck = 0820;
				LastUpgradeCheck = 0820;
				ORGANIZATIONNAME = "Benjamín";
				TargetAttributes = {
					85A54E4C212DC5D0003E65B9 = {
						CreatedOnToolsVersion = 8.2;
						ProvisioningStyle = Automatic;
					};
					85A54E60212DC5D1003E65B9 = {
						CreatedOnToolsVersion = 8.2;
						ProvisioningStyle = Automatic;
						TestTargetID = 85A54E4C212DC5D0003E65B9;
					};
					85A54E6B212DC5D1003E65B9 = {
						CreatedOnToolsVersion = 8.2;
						ProvisioningStyle = Automatic;
						TestTargetID = 85A54E4C212DC5D0003E65B9;
					};
				};
			};
			buildConfigurationList = 85A54E48212DC5D0003E65B9 /* Build configuration list for PBXProject "Navegación" */;
			compatibilityVersion = "Xcode 3.2";
			developmentRegion = English;
			hasScannedForEncodings = 0;
			knownRegions = (
				en,
				Base,
			);
			mainGroup = 85A54E44212DC5D0003E65B9;
			productRefGroup = 85A54E4E212DC5D0003E65B9 /* Products */;
			projectDirPath = "";
			projectRoot = "";
			targets = (
				85A54E4C212DC5D0003E65B9 /* Navegación */,
				85A54E60212DC5D1003E65B9 /* NavegaciónTests */,
				85A54E6B212DC5D1003E65B9 /* NavegaciónUITests */,
			);
		};
/* End PBXProject section */

/* Begin PBXResourcesBuildPhase section */
		85A54E4B212DC5D0003E65B9 /* Resources */ = {
			isa = PBXResourcesBuildPhase;
			buildActionMask = 2147483647;
			files = (
				85A54E5B212DC5D0003E65B9 /* LaunchScreen.storyboard in Resources */,
				85A54E58212DC5D0003E65B9 /* Assets.xcassets in Resources */,
				85A54E56212DC5D0003E65B9 /* Main.storyboard in Resources */,
			);
			runOnlyForDeploymentPostprocessing = 0;
		};
		85A54E5F212DC5D1003E65B9 /* Resources */ = {
			isa = PBXResourcesBuildPhase;
			buildActionMask = 2147483647;
			files = (
			);
			runOnlyForDeploymentPostprocessing = 0;
		};
		85A54E6A212DC5D1003E65B9 /* Resources */ = {
			isa = PBXResourcesBuildPhase;
			buildActionMask = 2147483647;
			files = (
			);
			runOnlyForDeploymentPostprocessing = 0;
		};
/* End PBXResourcesBuildPhase section */

/* Begin PBXSourcesBuildPhase section */
		85A54E49212DC5D0003E65B9 /* Sources */ = {
			isa = PBXSourcesBuildPhase;
			buildActionMask = 2147483647;
			files = (
				85A54E53212DC5D0003E65B9 /* ViewController.swift in Sources */,
				85A54E51212DC5D0003E65B9 /* AppDelegate.swift in Sources */,
			);
			runOnlyForDeploymentPostprocessing = 0;
		};
		85A54E5D212DC5D1003E65B9 /* Sources */ = {
			isa = PBXSourcesBuildPhase;
			buildActionMask = 2147483647;
			files = (
				85A54E66212DC5D1003E65B9 /* Navegacio_nTests.swift in Sources */,
			);
			runOnlyForDeploymentPostprocessing = 0;
		};
		85A54E68212DC5D1003E65B9 /* Sources */ = {
			isa = PBXSourcesBuildPhase;
			buildActionMask = 2147483647;
			files = (
				85A54E71212DC5D1003E65B9 /* Navegacio_nUITests.swift in Sources */,
			);
			runOnlyForDeploymentPostprocessing = 0;
		};
/* End PBXSourcesBuildPhase section */

/* Begin PBXTargetDependency section */
		85A54E63212DC5D1003E65B9 /* PBXTargetDependency */ = {
			isa = PBXTargetDependency;
			target = 85A54E4C212DC5D0003E65B9 /* Navegación */;
			targetProxy = 85A54E62212DC5D1003E65B9 /* PBXContainerItemProxy */;
		};
		85A54E6E212DC5D1003E65B9 /* PBXTargetDependency */ = {
			isa = PBXTargetDependency;
			target = 85A54E4C212DC5D0003E65B9 /* Navegación */;
			targetProxy = 85A54E6D212DC5D1003E65B9 /* PBXContainerItemProxy */;
		};
/* End PBXTargetDependency section */

/* Begin PBXVariantGroup section */
		85A54E54212DC5D0003E65B9 /* Main.storyboard */ = {
			isa = PBXVariantGroup;
			children = (
				85A54E55212DC5D0003E65B9 /* Base */,
			);
			name = Main.storyboard;
			sourceTree = "<group>";
		};
		85A54E59212DC5D0003E65B9 /* LaunchScreen.storyboard */ = {
			isa = PBXVariantGroup;
			children = (
				85A54E5A212DC5D0003E65B9 /* Base */,
			);
			name = LaunchScreen.storyboard;
			sourceTree = "<group>";
		};
/* End PBXVariantGroup section */

/* Begin XCBuildConfiguration section */
		85A54E73212DC5D1003E65B9 /* Debug */ = {
			isa = XCBuildConfiguration;
			buildSettings = {
				ALWAYS_SEARCH_USER_PATHS = NO;
				CLANG_ANALYZER_NONNULL = YES;
				CLANG_CXX_LANGUAGE_STANDARD = "gnu++0x";
				CLANG_CXX_LIBRARY = "libc++";
				CLANG_ENABLE_MODULES = YES;
				CLANG_ENABLE_OBJC_ARC = YES;
				CLANG_WARN_BOOL_CONVERSION = YES;
				CLANG_WARN_CONSTANT_CONVERSION = YES;
				CLANG_WARN_DIRECT_OBJC_ISA_USAGE = YES_ERROR;
				CLANG_WARN_DOCUMENTATION_COMMENTS = YES;
				CLANG_WARN_EMPTY_BODY = YES;
				CLANG_WARN_ENUM_CONVERSION = YES;
				CLANG_WARN_INFINITE_RECURSION = YES;
				CLANG_WARN_INT_CONVERSION = YES;
				CLANG_WARN_OBJC_ROOT_CLASS = YES_ERROR;
				CLANG_WARN_SUSPICIOUS_MOVE = YES;
				CLANG_WARN_UNREACHABLE_CODE = YES;
				CLANG_WARN__DUPLICATE_METHOD_MATCH = YES;
				"CODE_SIGN_IDENTITY[sdk=iphoneos*]" = "iPhone Developer";
				COPY_PHASE_STRIP = NO;
				DEBUG_INFORMATION_FORMAT = dwarf;
				ENABLE_STRICT_OBJC_MSGSEND = YES;
				ENABLE_TESTABILITY = YES;
				GCC_C_LANGUAGE_STANDARD = gnu99;
				GCC_DYNAMIC_NO_PIC = NO;
				GCC_NO_COMMON_BLOCKS = YES;
				GCC_OPTIMIZATION_LEVEL = 0;
				GCC_PREPROCESSOR_DEFINITIONS = (
					"DEBUG=1",
					"$(inherited)",
				);
				GCC_WARN_64_TO_32_BIT_CONVERSION = YES;
				GCC_WARN_ABOUT_RETURN_TYPE = YES_ERROR;
				GCC_WARN_UNDECLARED_SELECTOR = YES;
				GCC_WARN_UNINITIALIZED_AUTOS = YES_AGGRESSIVE;
				GCC_WARN_UNUSED_FUNCTION = YES;
				GCC_WARN_UNUSED_VARIABLE = YES;
				IPHONEOS_DEPLOYMENT_TARGET = 10.2;
				MTL_ENABLE_DEBUG_INFO = YES;
				ONLY_ACTIVE_ARCH = YES;
				SDKROOT = iphoneos;
				SWIFT_ACTIVE_COMPILATION_CONDITIONS = DEBUG;
				SWIFT_OPTIMIZATION_LEVEL = "-Onone";
				TARGETED_DEVICE_FAMILY = "1,2";
			};
			name = Debug;
		};
		85A54E74212DC5D1003E65B9 /* Release */ = {
			isa = XCBuildConfiguration;
			buildSettings = {
				ALWAYS_SEARCH_USER_PATHS = NO;
				CLANG_ANALYZER_NONNULL = YES;
				CLANG_CXX_LANGUAGE_STANDARD = "gnu++0x";
				CLANG_CXX_LIBRARY = "libc++";
				CLANG_ENABLE_MODULES = YES;
				CLANG_ENABLE_OBJC_ARC = YES;
				CLANG_WARN_BOOL_CONVERSION = YES;
				CLANG_WARN_CONSTANT_CONVERSION = YES;
				CLANG_WARN_DIRECT_OBJC_ISA_USAGE = YES_ERROR;
				CLANG_WARN_DOCUMENTATION_COMMENTS = YES;
				CLANG_WARN_EMPTY_BODY = YES;
				CLANG_WARN_ENUM_CONVERSION = YES;
				CLANG_WARN_INFINITE_RECURSION = YES;
				CLANG_WARN_INT_CONVERSION = YES;
				CLANG_WARN_OBJC_ROOT_CLASS = YES_ERROR;
				CLANG_WARN_SUSPICIOUS_MOVE = YES;
				CLANG_WARN_UNREACHABLE_CODE = YES;
				CLANG_WARN__DUPLICATE_METHOD_MATCH = YES;
				"CODE_SIGN_IDENTITY[sdk=iphoneos*]" = "iPhone Developer";
				COPY_PHASE_STRIP = NO;
				DEBUG_INFORMATION_FORMAT = "dwarf-with-dsym";
				ENABLE_NS_ASSERTIONS = NO;
				ENABLE_STRICT_OBJC_MSGSEND = YES;
				GCC_C_LANGUAGE_STANDARD = gnu99;
				GCC_NO_COMMON_BLOCKS = YES;
				GCC_WARN_64_TO_32_BIT_CONVERSION = YES;
				GCC_WARN_ABOUT_RETURN_TYPE = YES_ERROR;
				GCC_WARN_UNDECLARED_SELECTOR = YES;
				GCC_WARN_UNINITIALIZED_AUTOS = YES_AGGRESSIVE;
				GCC_WARN_UNUSED_FUNCTION = YES;
				GCC_WARN_UNUSED_VARIABLE = YES;
				IPHONEOS_DEPLOYMENT_TARGET = 10.2;
				MTL_ENABLE_DEBUG_INFO = NO;
				SDKROOT = iphoneos;
				SWIFT_OPTIMIZATION_LEVEL = "-Owholemodule";
				TARGETED_DEVICE_FAMILY = "1,2";
				VALIDATE_PRODUCT = YES;
			};
			name = Release;
		};
		85A54E76212DC5D1003E65B9 /* Debug */ = {
			isa = XCBuildConfiguration;
			buildSettings = {
				ASSETCATALOG_COMPILER_APPICON_NAME = AppIcon;
				INFOPLIST_FILE = "Navegación/Info.plist";
				LD_RUNPATH_SEARCH_PATHS = "$(inherited) @executable_path/Frameworks";
				PRODUCT_BUNDLE_IDENTIFIER = "ULSA.Navegacio-n";
				PRODUCT_NAME = "$(TARGET_NAME)";
				SWIFT_VERSION = 3.0;
			};
			name = Debug;
		};
		85A54E77212DC5D1003E65B9 /* Release */ = {
			isa = XCBuildConfiguration;
			buildSettings = {
				ASSETCATALOG_COMPILER_APPICON_NAME = AppIcon;
				INFOPLIST_FILE = "Navegación/Info.plist";
				LD_RUNPATH_SEARCH_PATHS = "$(inherited) @executable_path/Frameworks";
				PRODUCT_BUNDLE_IDENTIFIER = "ULSA.Navegacio-n";
				PRODUCT_NAME = "$(TARGET_NAME)";
				SWIFT_VERSION = 3.0;
			};
			name = Release;
		};
		85A54E79212DC5D1003E65B9 /* Debug */ = {
			isa = XCBuildConfiguration;
			buildSettings = {
				ALWAYS_EMBED_SWIFT_STANDARD_LIBRARIES = YES;
				BUNDLE_LOADER = "$(TEST_HOST)";
				INFOPLIST_FILE = "NavegaciónTests/Info.plist";
				LD_RUNPATH_SEARCH_PATHS = "$(inherited) @executable_path/Frameworks @loader_path/Frameworks";
				PRODUCT_BUNDLE_IDENTIFIER = "ULSA.Navegacio-nTests";
				PRODUCT_NAME = "$(TARGET_NAME)";
				SWIFT_VERSION = 3.0;
				TEST_HOST = "$(BUILT_PRODUCTS_DIR)/Navegación.app/Navegación";
			};
			name = Debug;
		};
		85A54E7A212DC5D1003E65B9 /* Release */ = {
			isa = XCBuildConfiguration;
			buildSettings = {
				ALWAYS_EMBED_SWIFT_STANDARD_LIBRARIES = YES;
				BUNDLE_LOADER = "$(TEST_HOST)";
				INFOPLIST_FILE = "NavegaciónTests/Info.plist";
				LD_RUNPATH_SEARCH_PATHS = "$(inherited) @executable_path/Frameworks @loader_path/Frameworks";
				PRODUCT_BUNDLE_IDENTIFIER = "ULSA.Navegacio-nTests";
				PRODUCT_NAME = "$(TARGET_NAME)";
				SWIFT_VERSION = 3.0;
				TEST_HOST = "$(BUILT_PRODUCTS_DIR)/Navegación.app/Navegación";
			};
			name = Release;
		};
		85A54E7C212DC5D1003E65B9 /* Debug */ = {
			isa = XCBuildConfiguration;
			buildSettings = {
				ALWAYS_EMBED_SWIFT_STANDARD_LIBRARIES = YES;
				INFOPLIST_FILE = "NavegaciónUITests/Info.plist";
				LD_RUNPATH_SEARCH_PATHS = "$(inherited) @executable_path/Frameworks @loader_path/Frameworks";
				PRODUCT_BUNDLE_IDENTIFIER = "ULSA.Navegacio-nUITests";
				PRODUCT_NAME = "$(TARGET_NAME)";
				SWIFT_VERSION = 3.0;
				TEST_TARGET_NAME = "Navegación";
			};
			name = Debug;
		};
		85A54E7D212DC5D1003E65B9 /* Release */ = {
			isa = XCBuildConfiguration;
			buildSettings = {
				ALWAYS_EMBED_SWIFT_STANDARD_LIBRARIES = YES;
				INFOPLIST_FILE = "NavegaciónUITests/Info.plist";
				LD_RUNPATH_SEARCH_PATHS = "$(inherited) @executable_path/Frameworks @loader_path/Frameworks";
				PRODUCT_BUNDLE_IDENTIFIER = "ULSA.Navegacio-nUITests";
				PRODUCT_NAME = "$(TARGET_NAME)";
				SWIFT_VERSION = 3.0;
				TEST_TARGET_NAME = "Navegación";
			};
			name = Release;
		};
/* End XCBuildConfiguration section */

/* Begin XCConfigurationList section */
		85A54E48212DC5D0003E65B9 /* Build configuration list for PBXProject "Navegación" */ = {
			isa = XCConfigurationList;
			buildConfigurations = (
				85A54E73212DC5D1003E65B9 /* Debug */,
				85A54E74212DC5D1003E65B9 /* Release */,
			);
			defaultConfigurationIsVisible = 0;
			defaultConfigurationName = Release;
		};
		85A54E75212DC5D1003E65B9 /* Build configuration list for PBXNativeTarget "Navegación" */ = {
			isa = XCConfigurationList;
			buildConfigurations = (
				85A54E76212DC5D1003E65B9 /* Debug */,
				85A54E77212DC5D1003E65B9 /* Release */,
			);
			defaultConfigurationIsVisible = 0;
		};
		85A54E78212DC5D1003E65B9 /* Build configuration list for PBXNativeTarget "NavegaciónTests" */ = {
			isa = XCConfigurationList;
			buildConfigurations = (
				85A54E79212DC5D1003E65B9 /* Debug */,
				85A54E7A212DC5D1003E65B9 /* Release */,
			);
			defaultConfigurationIsVisible = 0;
		};
		85A54E7B212DC5D1003E65B9 /* Build configuration list for PBXNativeTarget "NavegaciónUITests" */ = {
			isa = XCConfigurationList;
			buildConfigurations = (
				85A54E7C212DC5D1003E65B9 /* Debug */,
				85A54E7D212DC5D1003E65B9 /* Release */,
			);
			defaultConfigurationIsVisible = 0;
		};
/* End XCConfigurationList section */
	};
	rootObject = 85A54E45212DC5D0003E65B9 /* Project object */;
}
